<?xml version="1.0" encoding="utf-8"?>
<Project ToolsVersion="4.0" xmlns="http://schemas.microsoft.com/developer/msbuild/2003">
  <ItemGroup>
    <Filter Include="Source Files">
      <UniqueIdentifier>{4FC737F1-C7A5-4376-A066-2A32D752A2FF}</UniqueIdentifier>
      <Extensions>cpp;c;cc;cxx;def;odl;idl;hpj;bat;asm;asmx</Extensions>
    </Filter>
  </ItemGroup>
  <ItemGroup>
    <ClCompile Include="src\Action.cpp">
      <Filter>Source Files</Filter>
    </ClCompile>
    <ClCompile Include="src\ActionResult.cpp">
      <Filter>Source Files</Filter>
    </ClCompile>
    <ClCompile Include="src\Admin.cpp">
      <Filter>Source Files</Filter>
    </ClCompile>
    <ClCompile Include="src\AlterAction.cpp">
      <Filter>Source Files</Filter>
    </ClCompile>
    <ClCompile Include="src\AuthenticationCallback.cpp">
      <Filter>Source Files</Filter>
    </ClCompile>
    <ClCompile Include="src\AuthenticationInfo.cpp">
      <Filter>Source Files</Filter>
    </ClCompile>
    <ClCompile Include="src\Browser.cpp">
      <Filter>Source Files</Filter>
    </ClCompile>
    <ClCompile Include="src\BrowserDef.cpp">
      <Filter>Source Files</Filter>
    </ClCompile>
    <ClCompile Include="src\CloseAction.cpp">
      <Filter>Source Files</Filter>
    </ClCompile>
    <ClCompile Include="src\Common.cpp">
      <Filter>Source Files</Filter>
    </ClCompile>
    <ClCompile Include="src\EventBrowser.cpp">
      <Filter>Source Files</Filter>
    </ClCompile>
    <ClCompile Include="src\EventBrowserDef.cpp">
      <Filter>Source Files</Filter>
    </ClCompile>
    <ClCompile Include="src\EvictEvent.cpp">
      <Filter>Source Files</Filter>
    </ClCompile>
    <ClCompile Include="src\Exception.cpp">
      <Filter>Source Files</Filter>
    </ClCompile>
    <ClCompile Include="src\ExpireEvent.cpp">
      <Filter>Source Files</Filter>
    </ClCompile>
    <ClCompile Include="src\FieldDef.cpp">
      <Filter>Source Files</Filter>
    </ClCompile>
    <ClCompile Include="src\FieldDefList.cpp">
      <Filter>Source Files</Filter>
    </ClCompile>
    <ClCompile Include="src\Filter.cpp">
      <Filter>Source Files</Filter>
    </ClCompile>
    <ClCompile Include="src\GetOptions.cpp">
      <Filter>Source Files</Filter>
    </ClCompile>
    <ClCompile Include="src\IndexDef.cpp">
      <Filter>Source Files</Filter>
    </ClCompile>
    <ClCompile Include="src\Invocable.cpp">
      <Filter>Source Files</Filter>
    </ClCompile>
    <ClCompile Include="src\InvokeOptions.cpp">
      <Filter>Source Files</Filter>
    </ClCompile>
    <ClCompile Include="src\InvokeResult.cpp">
      <Filter>Source Files</Filter>
    </ClCompile>
    <ClCompile Include="src\InvokeResultList.cpp">
      <Filter>Source Files</Filter>
    </ClCompile>
    <ClCompile Include="src\KeyDef.cpp">
      <Filter>Source Files</Filter>
    </ClCompile>
    <ClCompile Include="src\Listener.cpp">
      <Filter>Source Files</Filter>
    </ClCompile>
    <ClCompile Include="src\ListenerDef.cpp">
      <Filter>Source Files</Filter>
    </ClCompile>
    <ClCompile Include="src\LoadAction.cpp">
      <Filter>Source Files</Filter>
    </ClCompile>
    <ClCompile Include="src\LockOptions.cpp">
      <Filter>Source Files</Filter>
    </ClCompile>
    <ClCompile Include="src\Member.cpp">
      <Filter>Source Files</Filter>
    </ClCompile>
    <ClCompile Include="src\MemberDef.cpp">
      <Filter>Source Files</Filter>
    </ClCompile>
    <ClCompile Include="src\MemberInvocable.cpp">
      <Filter>Source Files</Filter>
    </ClCompile>
    <ClCompile Include="src\Metaspace.cpp">
      <Filter>Source Files</Filter>
    </ClCompile>
    <ClCompile Include="src\MetaspaceMemberListener.cpp">
      <Filter>Source Files</Filter>
    </ClCompile>
    <ClCompile Include="src\MetaspaceRemoteMemberListener.cpp">
      <Filter>Source Files</Filter>
    </ClCompile>
    <ClCompile Include="src\Mutex.cpp">
      <Filter>Source Files</Filter>
    </ClCompile>
    <ClCompile Include="src\OpenAction.cpp">
      <Filter>Source Files</Filter>
    </ClCompile>
    <ClCompile Include="src\Persister.cpp">
      <Filter>Source Files</Filter>
    </ClCompile>
    <ClCompile Include="src\PutEvent.cpp">
      <Filter>Source Files</Filter>
    </ClCompile>
    <ClCompile Include="src\PutOp.cpp">
      <Filter>Source Files</Filter>
    </ClCompile>
    <ClCompile Include="src\PutOptions.cpp">
      <Filter>Source Files</Filter>
    </ClCompile>
    <ClCompile Include="src\ReadAction.cpp">
      <Filter>Source Files</Filter>
    </ClCompile>
    <ClCompile Include="src\RecoveryOptions.cpp">
      <Filter>Source Files</Filter>
    </ClCompile>
    <ClCompile Include="src\Result.cpp">
      <Filter>Source Files</Filter>
    </ClCompile>
    <ClCompile Include="src\ResultList.cpp">
      <Filter>Source Files</Filter>
    </ClCompile>
    <ClCompile Include="src\Router.cpp">
      <Filter>Source Files</Filter>
    </ClCompile>
    <ClCompile Include="src\SeedEvent.cpp">
      <Filter>Source Files</Filter>
    </ClCompile>
    <ClCompile Include="src\Space.cpp">
      <Filter>Source Files</Filter>
    </ClCompile>
    <ClCompile Include="src\SpaceDef.cpp">
      <Filter>Source Files</Filter>
    </ClCompile>
    <ClCompile Include="src\SpaceDefListener.cpp">
      <Filter>Source Files</Filter>
    </ClCompile>
    <ClCompile Include="src\SpaceEvent.cpp">
      <Filter>Source Files</Filter>
    </ClCompile>
    <ClCompile Include="src\SpaceMemberListener.cpp">
      <Filter>Source Files</Filter>
    </ClCompile>
    <ClCompile Include="src\SpaceRemoteMemberListener.cpp">
      <Filter>Source Files</Filter>
    </ClCompile>
    <ClCompile Include="src\SpaceResult.cpp">
      <Filter>Source Files</Filter>
    </ClCompile>
    <ClCompile Include="src\SpaceResultHandler.cpp">
      <Filter>Source Files</Filter>
    </ClCompile>
    <ClCompile Include="src\SpaceResultList.cpp">
      <Filter>Source Files</Filter>
    </ClCompile>
    <ClCompile Include="src\SpaceStateListener.cpp">
      <Filter>Source Files</Filter>
    </ClCompile>
    <ClCompile Include="src\TakeEvent.cpp">
      <Filter>Source Files</Filter>
    </ClCompile>
    <ClCompile Include="src\TakeOp.cpp">
      <Filter>Source Files</Filter>
    </ClCompile>
    <ClCompile Include="src\TakeOptions.cpp">
      <Filter>Source Files</Filter>
    </ClCompile>
    <ClCompile Include="src\Tuple.cpp">
      <Filter>Source Files</Filter>
    </ClCompile>
    <ClCompile Include="src\UnlockOptions.cpp">
      <Filter>Source Files</Filter>
    </ClCompile>
    <ClCompile Include="src\UnseedEvent.cpp">
      <Filter>Source Files</Filter>
    </ClCompile>
    <ClCompile Include="src\Utils.cpp">
      <Filter>Source Files</Filter>
    </ClCompile>
    <ClCompile Include="src\WriteAction.cpp">
      <Filter>Source Files</Filter>
    </ClCompile>
    <ClCompile Include="src\WriteOp.cpp">
      <Filter>Source Files</Filter>
    </ClCompile>
  </ItemGroup>
  <ItemGroup>
    <ClInclude Include="src\Action.h">
      <Filter>Source Files</Filter>
    </ClInclude>
    <ClInclude Include="src\ActionResult.h">
      <Filter>Source Files</Filter>
    </ClInclude>
    <ClInclude Include="src\Admin.h">
      <Filter>Source Files</Filter>
    </ClInclude>
    <ClInclude Include="src\AlterAction.h">
      <Filter>Source Files</Filter>
    </ClInclude>
    <ClInclude Include="src\AuthenticationCallback.h">
      <Filter>Source Files</Filter>
    </ClInclude>
    <ClInclude Include="src\AuthenticationInfo.h">
      <Filter>Source Files</Filter>
    </ClInclude>
    <ClInclude Include="src\Browser.h">
      <Filter>Source Files</Filter>
    </ClInclude>
    <ClInclude Include="src\BrowserDef.h">
      <Filter>Source Files</Filter>
    </ClInclude>
    <ClInclude Include="src\CloseAction.h">
      <Filter>Source Files</Filter>
    </ClInclude>
    <ClInclude Include="src\Common.h">
      <Filter>Source Files</Filter>
    </ClInclude>
    <ClInclude Include="src\EventBrowser.h">
      <Filter>Source Files</Filter>
    </ClInclude>
    <ClInclude Include="src\EventBrowserDef.h">
      <Filter>Source Files</Filter>
    </ClInclude>
    <ClInclude Include="src\EvictEvent.h">
      <Filter>Source Files</Filter>
    </ClInclude>
    <ClInclude Include="src\Exception.h">
      <Filter>Source Files</Filter>
    </ClInclude>
    <ClInclude Include="src\ExpireEvent.h">
      <Filter>Source Files</Filter>
    </ClInclude>
    <ClInclude Include="src\FieldDef.h">
      <Filter>Source Files</Filter>
    </ClInclude>
    <ClInclude Include="src\FieldDefList.h">
      <Filter>Source Files</Filter>
    </ClInclude>
    <ClInclude Include="src\Filter.h">
      <Filter>Source Files</Filter>
    </ClInclude>
    <ClInclude Include="src\GetOptions.h">
      <Filter>Source Files</Filter>
    </ClInclude>
    <ClInclude Include="src\IndexDef.h">
      <Filter>Source Files</Filter>
    </ClInclude>
    <ClInclude Include="src\Invocable.h">
      <Filter>Source Files</Filter>
    </ClInclude>
    <ClInclude Include="src\InvokeOptions.h">
      <Filter>Source Files</Filter>
    </ClInclude>
    <ClInclude Include="src\InvokeResult.h">
      <Filter>Source Files</Filter>
    </ClInclude>
    <ClInclude Include="src\InvokeResultList.h">
      <Filter>Source Files</Filter>
    </ClInclude>
    <ClInclude Include="src\KeyDef.h">
      <Filter>Source Files</Filter>
    </ClInclude>
    <ClInclude Include="src\Listener.h">
      <Filter>Source Files</Filter>
    </ClInclude>
    <ClInclude Include="src\ListenerBase.h">
      <Filter>Source Files</Filter>
    </ClInclude>
    <ClInclude Include="src\ListenerDef.h">
      <Filter>Source Files</Filter>
    </ClInclude>
    <ClInclude Include="src\ListenerTemplate.h">
      <Filter>Source Files</Filter>
    </ClInclude>
    <ClInclude Include="src\LoadAction.h">
      <Filter>Source Files</Filter>
    </ClInclude>
    <ClInclude Include="src\LockOptions.h">
      <Filter>Source Files</Filter>
    </ClInclude>
    <ClInclude Include="src\Member.h">
      <Filter>Source Files</Filter>
    </ClInclude>
    <ClInclude Include="src\MemberDef.h">
      <Filter>Source Files</Filter>
    </ClInclude>
    <ClInclude Include="src\MemberInvocable.h">
      <Filter>Source Files</Filter>
    </ClInclude>
    <ClInclude Include="src\Metaspace.h">
      <Filter>Source Files</Filter>
    </ClInclude>
    <ClInclude Include="src\MetaspaceMemberListener.h">
      <Filter>Source Files</Filter>
    </ClInclude>
    <ClInclude Include="src\MetaspaceRemoteMemberListener.h">
      <Filter>Source Files</Filter>
    </ClInclude>
    <ClInclude Include="src\Mutex.h">
      <Filter>Source Files</Filter>
    </ClInclude>
    <ClInclude Include="src\OpenAction.h">
      <Filter>Source Files</Filter>
    </ClInclude>
    <ClInclude Include="src\Persister.h">
      <Filter>Source Files</Filter>
    </ClInclude>
    <ClInclude Include="src\PutEvent.h">
      <Filter>Source Files</Filter>
    </ClInclude>
    <ClInclude Include="src\PutOp.h">
      <Filter>Source Files</Filter>
    </ClInclude>
    <ClInclude Include="src\PutOptions.h">
      <Filter>Source Files</Filter>
    </ClInclude>
    <ClInclude Include="src\ReadAction.h">
      <Filter>Source Files</Filter>
    </ClInclude>
    <ClInclude Include="src\RecoveryOptions.h">
      <Filter>Source Files</Filter>
    </ClInclude>
    <ClInclude Include="src\Result.h">
      <Filter>Source Files</Filter>
    </ClInclude>
    <ClInclude Include="src\ResultList.h">
      <Filter>Source Files</Filter>
    </ClInclude>
    <ClInclude Include="src\Router.h">
      <Filter>Source Files</Filter>
    </ClInclude>
    <ClInclude Include="src\SeedEvent.h">
      <Filter>Source Files</Filter>
    </ClInclude>
    <ClInclude Include="src\SharedPtr.h">
      <Filter>Source Files</Filter>
    </ClInclude>
    <ClInclude Include="src\Space.h">
      <Filter>Source Files</Filter>
    </ClInclude>
    <ClInclude Include="src\SpaceDef.h">
      <Filter>Source Files</Filter>
    </ClInclude>
    <ClInclude Include="src\SpaceDefListener.h">
      <Filter>Source Files</Filter>
    </ClInclude>
    <ClInclude Include="src\SpaceEvent.h">
      <Filter>Source Files</Filter>
    </ClInclude>
    <ClInclude Include="src\SpaceMemberListener.h">
      <Filter>Source Files</Filter>
    </ClInclude>
    <ClInclude Include="src\SpaceOptions.h">
      <Filter>Source Files</Filter>
    </ClInclude>
    <ClInclude Include="src\SpaceRemoteMemberListener.h">
      <Filter>Source Files</Filter>
    </ClInclude>
    <ClInclude Include="src\SpaceResult.h">
      <Filter>Source Files</Filter>
    </ClInclude>
    <ClInclude Include="src\SpaceResultHandler.h">
      <Filter>Source Files</Filter>
    </ClInclude>
    <ClInclude Include="src\SpaceResultList.h">
      <Filter>Source Files</Filter>
    </ClInclude>
    <ClInclude Include="src\SpaceStateListener.h">
      <Filter>Source Files</Filter>
    </ClInclude>
    <ClInclude Include="src\TakeEvent.h">
      <Filter>Source Files</Filter>
    </ClInclude>
    <ClInclude Include="src\TakeOp.h">
      <Filter>Source Files</Filter>
    </ClInclude>
    <ClInclude Include="src\TakeOptions.h">
      <Filter>Source Files</Filter>
    </ClInclude>
    <ClInclude Include="src\Tuple.h">
      <Filter>Source Files</Filter>
    </ClInclude>
    <ClInclude Include="src\Types.h">
      <Filter>Source Files</Filter>
    </ClInclude>
    <ClInclude Include="src\UnlockOptions.h">
      <Filter>Source Files</Filter>
    </ClInclude>
    <ClInclude Include="src\UnseedEvent.h">
      <Filter>Source Files</Filter>
    </ClInclude>
    <ClInclude Include="src\Utils.h">
      <Filter>Source Files</Filter>
    </ClInclude>
    <ClInclude Include="src\WriteAction.h">
      <Filter>Source Files</Filter>
    </ClInclude>
    <ClInclude Include="src\WriteOp.h">
      <Filter>Source Files</Filter>
    </ClInclude>
  </ItemGroup>
</Project>